
Microsoft Visual Studio Solution File, Format Version 10.00
# Visual Studio 2008
Project("{F184B08F-C81C-45F6-A57F-5ABD9991F28F}") = "HBS", "HBS.vbproj", "{30A75CB7-6DA6-487D-8DB1-88847553F84F}"
EndProject
Global
	GlobalSection(SolutionConfigurationPlatforms) = preSolution
		Debug|Any CPU = Debug|Any CPU
		Release|Any CPU = Release|Any CPU
	EndGlobalSection
	GlobalSection(ProjectConfigurationPlatforms) = postSolution
		{30A75CB7-6DA6-487D-8DB1-88847553F84F}.Debug|Any CPU.ActiveCfg = Debug|Any CPU
		{30A75CB7-6DA6-487D-8DB1-88847553F84F}.Debug|Any CPU.Build.0 = Debug|Any CPU
		{30A75CB7-6DA6-487D-8DB1-88847553F84F}.Release|Any CPU.ActiveCfg = Release|Any CPU
		{30A75CB7-6DA6-487D-8DB1-88847553F84F}.Release|Any CPU.Build.0 = Release|Any CPU
	EndGlobalSection
	GlobalSection(SolutionProperties) = preSolution
		HideSolutionNode = FALSE
	EndGlobalSection
EndGlobal
